
Microsoft Visual Studio Solution File, Format Version 12.00
# Visual Studio Version 17
VisualStudioVersion = 17.2.32516.85
MinimumVisualStudioVersion = 10.0.40219.1
Project("{FAE04EC0-301F-11D3-BF4B-00C04F79EFBC}") = "PruebaOsiliaSolis2", "PruebaOsiliaSolis2.csproj", "{71FA2C35-EF28-42D5-B6FE-DFC943B00F99}"
EndProject
Global
	GlobalSection(SolutionConfigurationPlatforms) = preSolution
		Debug|Any CPU = Debug|Any CPU
		Release|Any CPU = Release|Any CPU
	EndGlobalSection
	GlobalSection(ProjectConfigurationPlatforms) = postSolution
		{71FA2C35-EF28-42D5-B6FE-DFC943B00F99}.Debug|Any CPU.ActiveCfg = Debug|Any CPU
		{71FA2C35-EF28-42D5-B6FE-DFC943B00F99}.Debug|Any CPU.Build.0 = Debug|Any CPU
		{71FA2C35-EF28-42D5-B6FE-DFC943B00F99}.Release|Any CPU.ActiveCfg = Release|Any CPU
		{71FA2C35-EF28-42D5-B6FE-DFC943B00F99}.Release|Any CPU.Build.0 = Release|Any CPU
	EndGlobalSection
	GlobalSection(SolutionProperties) = preSolution
		HideSolutionNode = FALSE
	EndGlobalSection
	GlobalSection(ExtensibilityGlobals) = postSolution
		SolutionGuid = {37A1403F-8C2C-4CE4-B510-E493FA9391C5}
	EndGlobalSection
EndGlobal
